// !$*UTF8*$!
{
	archiveVersion = 1;
	classes = {
	};
	objectVersion = 50;
	objects = {

/* Begin PBXBuildFile section */
		E593C207244A45350026CA6F /* Audio Icons in Resources */ = {isa = PBXBuildFile; fileRef = E593C206244A45350026CA6F /* Audio Icons */; };
		E5DD61DB24476F9700C28F30 /* AppDelegate.swift in Sources */ = {isa = PBXBuildFile; fileRef = E5DD61DA24476F9700C28F30 /* AppDelegate.swift */; };
		E5DD61DD24476F9700C28F30 /* SceneDelegate.swift in Sources */ = {isa = PBXBuildFile; fileRef = E5DD61DC24476F9700C28F30 /* SceneDelegate.swift */; };
		E5DD61DF24476F9700C28F30 /* ViewController.swift in Sources */ = {isa = PBXBuildFile; fileRef = E5DD61DE24476F9700C28F30 /* ViewController.swift */; };
		E5DD61E224476F9700C28F30 /* Main.storyboard in Resources */ = {isa = PBXBuildFile; fileRef = E5DD61E024476F9700C28F30 /* Main.storyboard */; };
		E5DD61E424476F9900C28F30 /* Assets.xcassets in Resources */ = {isa = PBXBuildFile; fileRef = E5DD61E324476F9900C28F30 /* Assets.xcassets */; };
		E5DD61E724476F9900C28F30 /* LaunchScreen.storyboard in Resources */ = {isa = PBXBuildFile; fileRef = E5DD61E524476F9900C28F30 /* LaunchScreen.storyboard */; };
/* End PBXBuildFile section */

/* Begin PBXFileReference section */
		E593C206244A45350026CA6F /* Audio Icons */ = {isa = PBXFileReference; lastKnownFileType = folder; path = "Audio Icons"; sourceTree = "<group>"; };
		E5DD61D724476F9700C28F30 /* Audio Capture and Playback.app */ = {isa = PBXFileReference; explicitFileType = wrapper.application; includeInIndex = 0; path = "Audio Capture and Playback.app"; sourceTree = BUILT_PRODUCTS_DIR; };
		E5DD61DA24476F9700C28F30 /* AppDelegate.swift */ = {isa = PBXFileReference; lastKnownFileType = sourcecode.swift; path = AppDelegate.swift; sourceTree = "<group>"; };
		E5DD61DC24476F9700C28F30 /* SceneDelegate.swift */ = {isa = PBXFileReference; lastKnownFileType = sourcecode.swift; path = SceneDelegate.swift; sourceTree = "<group>"; };
		E5DD61DE24476F9700C28F30 /* ViewController.swift */ = {isa = PBXFileReference; lastKnownFileType = sourcecode.swift; path = ViewController.swift; sourceTree = "<group>"; };
		E5DD61E124476F9700C28F30 /* Base */ = {isa = PBXFileReference; lastKnownFileType = file.storyboard; name = Base; path = Base.lproj/Main.storyboard; sourceTree = "<group>"; };
		E5DD61E324476F9900C28F30 /* Assets.xcassets */ = {isa = PBXFileReference; lastKnownFileType = folder.assetcatalog; path = Assets.xcassets; sourceTree = "<group>"; };
		E5DD61E624476F9900C28F30 /* Base */ = {isa = PBXFileReference; lastKnownFileType = file.storyboard; name = Base; path = Base.lproj/LaunchScreen.storyboard; sourceTree = "<group>"; };
		E5DD61E824476F9900C28F30 /* Info.plist */ = {isa = PBXFileReference; lastKnownFileType = text.plist.xml; path = Info.plist; sourceTree = "<group>"; };
/* End PBXFileReference section */

/* Begin PBXFrameworksBuildPhase section */
		E5DD61D424476F9700C28F30 /* Frameworks */ = {
			isa = PBXFrameworksBuildPhase;
			buildActionMask = 2147483647;
			files = (
			);
			runOnlyForDeploymentPostprocessing = 0;
		};
/* End PBXFrameworksBuildPhase section */

/* Begin PBXGroup section */
		E5DD61CE24476F9700C28F30 = {
			isa = PBXGroup;
			children = (
				E5DD61D924476F9700C28F30 /* Audio Capture and Playback */,
				E5DD61D824476F9700C28F30 /* Products */,
			);
			sourceTree = "<group>";
		};
		E5DD61D824476F9700C28F30 /* Products */ = {
			isa = PBXGroup;
			children = (
				E5DD61D724476F9700C28F30 /* Audio Capture and Playback.app */,
			);
			name = Products;
			sourceTree = "<group>";
		};
		E5DD61D924476F9700C28F30 /* Audio Capture and Playback */ = {
			isa = PBXGroup;
			children = (
				E5DD61DA24476F9700C28F30 /* AppDelegate.swift */,
				E5DD61DC24476F9700C28F30 /* SceneDelegate.swift */,
				E5DD61DE24476F9700C28F30 /* ViewController.swift */,
				E5DD61E024476F9700C28F30 /* Main.storyboard */,
				E5DD61E324476F9900C28F30 /* Assets.xcassets */,
				E5DD61E524476F9900C28F30 /* LaunchScreen.storyboard */,
				E593C206244A45350026CA6F /* Audio Icons */,
				E5DD61E824476F9900C28F30 /* Info.plist */,
			);
			path = "Audio Capture and Playback";
			sourceTree = "<group>";
		};
/* End PBXGroup section */

/* Begin PBXNativeTarget section */
		E5DD61D624476F9700C28F30 /* Audio Capture and Playback */ = {
			isa = PBXNativeTarget;
			buildConfigurationList = E5DD61EB24476F9900C28F30 /* Build configuration list for PBXNativeTarget "Audio Capture and Playback" */;
			buildPhases = (
				E5DD61D324476F9700C28F30 /* Sources */,
				E5DD61D424476F9700C28F30 /* Frameworks */,
				E5DD61D524476F9700C28F30 /* Resources */,
			);
			buildRules = (
			);
			dependencies = (
			);
			name = "Audio Capture and Playback";
			productName = "Audio Capture and Playback";
			productReference = E5DD61D724476F9700C28F30 /* Audio Capture and Playback.app */;
			productType = "com.apple.product-type.application";
		};
/* End PBXNativeTarget section */

/* Begin PBXProject section */
		E5DD61CF24476F9700C28F30 /* Project object */ = {
			isa = PBXProject;
			attributes = {
				LastSwiftUpdateCheck = 1130;
				LastUpgradeCheck = 1130;
				ORGANIZATIONNAME = "Jasmine Tan";
				TargetAttributes = {
					E5DD61D624476F9700C28F30 = {
						CreatedOnToolsVersion = 11.3;
					};
				};
			};
			buildConfigurationList = E5DD61D224476F9700C28F30 /* Build configuration list for PBXProject "Audio Capture and Playback" */;
			compatibilityVersion = "Xcode 9.3";
			developmentRegion = en;
			hasScannedForEncodings = 0;
			knownRegions = (
				en,
				Base,
			);
			mainGroup = E5DD61CE24476F9700C28F30;
			productRefGroup = E5DD61D824476F9700C28F30 /* Products */;
			projectDirPath = "";
			projectRoot = "";
			targets = (
				E5DD61D624476F9700C28F30 /* Audio Capture and Playback */,
			);
		};
/* End PBXProject section */

/* Begin PBXResourcesBuildPhase section */
		E5DD61D524476F9700C28F30 /* Resources */ = {
			isa = PBXResourcesBuildPhase;
			buildActionMask = 2147483647;
			files = (
				E5DD61E724476F9900C28F30 /* LaunchScreen.storyboard in Resources */,
				E593C207244A45350026CA6F /* Audio Icons in Resources */,
				E5DD61E424476F9900C28F30 /* Assets.xcassets in Resources */,
				E5DD61E224476F9700C28F30 /* Main.storyboard in Resources */,
			);
			runOnlyForDeploymentPostprocessing = 0;
		};
/* End PBXResourcesBuildPhase section */

/* Begin PBXSourcesBuildPhase section */
		E5DD61D324476F9700C28F30 /* Sources */ = {
			isa = PBXSourcesBuildPhase;
			buildActionMask = 2147483647;
			files = (
				E5DD61DF24476F9700C28F30 /* ViewController.swift in Sources */,
				E5DD61DB24476F9700C28F30 /* AppDelegate.swift in Sources */,
				E5DD61DD24476F9700C28F30 /* SceneDelegate.swift in Sources */,
			);
			runOnlyForDeploymentPostprocessing = 0;
		};
/* End PBXSourcesBuildPhase section */

/* Begin PBXVariantGroup section */
		E5DD61E024476F9700C28F30 /* Main.storyboard */ = {
			isa = PBXVariantGroup;
			children = (
				E5DD61E124476F9700C28F30 /* Base */,
			);
			name = Main.storyboard;
			sourceTree = "<group>";
		};
		E5DD61E524476F9900C28F30 /* LaunchScreen.storyboard */ = {
			isa = PBXVariantGroup;
			children = (
				E5DD61E624476F9900C28F30 /* Base */,
			);
			name = LaunchScreen.storyboard;
			sourceTree = "<group>";
		};
/* End PBXVariantGroup section */

/* Begin XCBuildConfiguration section */
		E5DD61E924476F9900C28F30 /* Debug */ = {
			isa = XCBuildConfiguration;
			buildSettings = {
				ALWAYS_SEARCH_USER_PATHS = NO;
				CLANG_ANALYZER_NONNULL = YES;
				CLANG_ANALYZER_NUMBER_OBJECT_CONVERSION = YES_AGGRESSIVE;
				CLANG_CXX_LANGUAGE_STANDARD = "gnu++14";
				CLANG_CXX_LIBRARY = "libc++";
				CLANG_ENABLE_MODULES = YES;
				CLANG_ENABLE_OBJC_ARC = YES;
				CLANG_ENABLE_OBJC_WEAK = YES;
				CLANG_WARN_BLOCK_CAPTURE_AUTORELEASING = YES;
				CLANG_WARN_BOOL_CONVERSION = YES;
				CLANG_WARN_COMMA = YES;
				CLANG_WARN_CONSTANT_CONVERSION = YES;
				CLANG_WARN_DEPRECATED_OBJC_IMPLEMENTATIONS = YES;
				CLANG_WARN_DIRECT_OBJC_ISA_USAGE = YES_ERROR;
				CLANG_WARN_DOCUMENTATION_COMMENTS = YES;
				CLANG_WARN_EMPTY_BODY = YES;
				CLANG_WARN_ENUM_CONVERSION = YES;
				CLANG_WARN_INFINITE_RECURSION = YES;
				CLANG_WARN_INT_CONVERSION = YES;
				CLANG_WARN_NON_LITERAL_NULL_CONVERSION = YES;
				CLANG_WARN_OBJC_IMPLICIT_RETAIN_SELF = YES;
				CLANG_WARN_OBJC_LITERAL_CONVERSION = YES;
				CLANG_WARN_OBJC_ROOT_CLASS = YES_ERROR;
				CLANG_WARN_RANGE_LOOP_ANALYSIS = YES;
				CLANG_WARN_STRICT_PROTOTYPES = YES;
				CLANG_WARN_SUSPICIOUS_MOVE = YES;
				CLANG_WARN_UNGUARDED_AVAILABILITY = YES_AGGRESSIVE;
				CLANG_WARN_UNREACHABLE_CODE = YES;
				CLANG_WARN__DUPLICATE_METHOD_MATCH = YES;
				COPY_PHASE_STRIP = NO;
				DEBUG_INFORMATION_FORMAT = dwarf;
				ENABLE_STRICT_OBJC_MSGSEND = YES;
				ENABLE_TESTABILITY = YES;
				GCC_C_LANGUAGE_STANDARD = gnu11;
				GCC_DYNAMIC_NO_PIC = NO;
				GCC_NO_COMMON_BLOCKS = YES;
				GCC_OPTIMIZATION_LEVEL = 0;
				GCC_PREPROCESSOR_DEFINITIONS = (
					"DEBUG=1",
					"$(inherited)",
				);
				GCC_WARN_64_TO_32_BIT_CONVERSION = YES;
				GCC_WARN_ABOUT_RETURN_TYPE = YES_ERROR;
				GCC_WARN_UNDECLARED_SELECTOR = YES;
				GCC_WARN_UNINITIALIZED_AUTOS = YES_AGGRESSIVE;
				GCC_WARN_UNUSED_FUNCTION = YES;
				GCC_WARN_UNUSED_VARIABLE = YES;
				IPHONEOS_DEPLOYMENT_TARGET = 13.2;
				MTL_ENABLE_DEBUG_INFO = INCLUDE_SOURCE;
				MTL_FAST_MATH = YES;
				ONLY_ACTIVE_ARCH = YES;
				SDKROOT = iphoneos;
				SWIFT_ACTIVE_COMPILATION_CONDITIONS = DEBUG;
				SWIFT_OPTIMIZATION_LEVEL = "-Onone";
			};
			name = Debug;
		};
		E5DD61EA24476F9900C28F30 /* Release */ = {
			isa = XCBuildConfiguration;
			buildSettings = {
				ALWAYS_SEARCH_USER_PATHS = NO;
				CLANG_ANALYZER_NONNULL = YES;
				CLANG_ANALYZER_NUMBER_OBJECT_CONVERSION = YES_AGGRESSIVE;
				CLANG_CXX_LANGUAGE_STANDARD = "gnu++14";
				CLANG_CXX_LIBRARY = "libc++";
				CLANG_ENABLE_MODULES = YES;
				CLANG_ENABLE_OBJC_ARC = YES;
				CLANG_ENABLE_OBJC_WEAK = YES;
				CLANG_WARN_BLOCK_CAPTURE_AUTORELEASING = YES;
				CLANG_WARN_BOOL_CONVERSION = YES;
				CLANG_WARN_COMMA = YES;
				CLANG_WARN_CONSTANT_CONVERSION = YES;
				CLANG_WARN_DEPRECATED_OBJC_IMPLEMENTATIONS = YES;
				CLANG_WARN_DIRECT_OBJC_ISA_USAGE = YES_ERROR;
				CLANG_WARN_DOCUMENTATION_COMMENTS = YES;
				CLANG_WARN_EMPTY_BODY = YES;
				CLANG_WARN_ENUM_CONVERSION = YES;
				CLANG_WARN_INFINITE_RECURSION = YES;
				CLANG_WARN_INT_CONVERSION = YES;
				CLANG_WARN_NON_LITERAL_NULL_CONVERSION = YES;
				CLANG_WARN_OBJC_IMPLICIT_RETAIN_SELF = YES;
				CLANG_WARN_OBJC_LITERAL_CONVERSION = YES;
				CLANG_WARN_OBJC_ROOT_CLASS = YES_ERROR;
				CLANG_WARN_RANGE_LOOP_ANALYSIS = YES;
				CLANG_WARN_STRICT_PROTOTYPES = YES;
				CLANG_WARN_SUSPICIOUS_MOVE = YES;
				CLANG_WARN_UNGUARDED_AVAILABILITY = YES_AGGRESSIVE;
				CLANG_WARN_UNREACHABLE_CODE = YES;
				CLANG_WARN__DUPLICATE_METHOD_MATCH = YES;
				COPY_PHASE_STRIP = NO;
				DEBUG_INFORMATION_FORMAT = "dwarf-with-dsym";
				ENABLE_NS_ASSERTIONS = NO;
				ENABLE_STRICT_OBJC_MSGSEND = YES;
				GCC_C_LANGUAGE_STANDARD = gnu11;
				GCC_NO_COMMON_BLOCKS = YES;
				GCC_WARN_64_TO_32_BIT_CONVERSION = YES;
				GCC_WARN_ABOUT_RETURN_TYPE = YES_ERROR;
				GCC_WARN_UNDECLARED_SELECTOR = YES;
				GCC_WARN_UNINITIALIZED_AUTOS = YES_AGGRESSIVE;
				GCC_WARN_UNUSED_FUNCTION = YES;
				GCC_WARN_UNUSED_VARIABLE = YES;
				IPHONEOS_DEPLOYMENT_TARGET = 13.2;
				MTL_ENABLE_DEBUG_INFO = NO;
				MTL_FAST_MATH = YES;
				SDKROOT = iphoneos;
				SWIFT_COMPILATION_MODE = wholemodule;
				SWIFT_OPTIMIZATION_LEVEL = "-O";
				VALIDATE_PRODUCT = YES;
			};
			name = Release;
		};
		E5DD61EC24476F9900C28F30 /* Debug */ = {
			isa = XCBuildConfiguration;
			buildSettings = {
				ASSETCATALOG_COMPILER_APPICON_NAME = AppIcon;
				CODE_SIGN_STYLE = Automatic;
				DEVELOPMENT_TEAM = 6S4B7LHL4P;
				INFOPLIST_FILE = "Audio Capture and Playback/Info.plist";
				LD_RUNPATH_SEARCH_PATHS = (
					"$(inherited)",
					"@executable_path/Frameworks",
				);
				PRODUCT_BUNDLE_IDENTIFIER = "com.jasminetan.Audio-Capture-and-Playback";
				PRODUCT_NAME = "$(TARGET_NAME)";
				SWIFT_VERSION = 5.0;
				TARGETED_DEVICE_FAMILY = "1,2";
			};
			name = Debug;
		};
		E5DD61ED24476F9900C28F30 /* Release */ = {
			isa = XCBuildConfiguration;
			buildSettings = {
				ASSETCATALOG_COMPILER_APPICON_NAME = AppIcon;
				CODE_SIGN_STYLE = Automatic;
				DEVELOPMENT_TEAM = 6S4B7LHL4P;
				INFOPLIST_FILE = "Audio Capture and Playback/Info.plist";
				LD_RUNPATH_SEARCH_PATHS = (
					"$(inherited)",
					"@executable_path/Frameworks",
				);
				PRODUCT_BUNDLE_IDENTIFIER = "com.jasminetan.Audio-Capture-and-Playback";
				PRODUCT_NAME = "$(TARGET_NAME)";
				SWIFT_VERSION = 5.0;
				TARGETED_DEVICE_FAMILY = "1,2";
			};
			name = Release;
		};
/* End XCBuildConfiguration section */

/* Begin XCConfigurationList section */
		E5DD61D224476F9700C28F30 /* Build configuration list for PBXProject "Audio Capture and Playback" */ = {
			isa = XCConfigurationList;
			buildConfigurations = (
				E5DD61E924476F9900C28F30 /* Debug */,
				E5DD61EA24476F9900C28F30 /* Release */,
			);
			defaultConfigurationIsVisible = 0;
			defaultConfigurationName = Release;
		};
		E5DD61EB24476F9900C28F30 /* Build configuration list for PBXNativeTarget "Audio Capture and Playback" */ = {
			isa = XCConfigurationList;
			buildConfigurations = (
				E5DD61EC24476F9900C28F30 /* Debug */,
				E5DD61ED24476F9900C28F30 /* Release */,
			);
			defaultConfigurationIsVisible = 0;
			defaultConfigurationName = Release;
		};
/* End XCConfigurationList section */
	};
	rootObject = E5DD61CF24476F9700C28F30 /* Project object */;
}
